
Microsoft Visual Studio Solution File, Format Version 12.00
# Visual Studio Version 17
VisualStudioVersion = 17.9.34616.47
MinimumVisualStudioVersion = 10.0.40219.1
Project("{2150E333-8FDC-42A3-9474-1A3956D46DE8}") = "src", "src", "{8553D9B8-2607-4643-B7D7-8233318B906E}"
EndProject
Project("{2150E333-8FDC-42A3-9474-1A3956D46DE8}") = "test", "test", "{BDAE3740-C92E-461A-B3DB-BCEE0D61106C}"
EndProject
Project("{2150E333-8FDC-42A3-9474-1A3956D46DE8}") = "Adapters", "Adapters", "{BB615109-FE02-4C51-8C3B-33D0DD06D65C}"
EndProject
Project("{FAE04EC0-301F-11D3-BF4B-00C04F79EFBC}") = "TaskTracker.Api", "..\TaskTracker.Api\TaskTracker.Api.csproj", "{5B58A38E-BF9B-4972-BFC2-469816693CC3}"
EndProject
Project("{2150E333-8FDC-42A3-9474-1A3956D46DE8}") = "Applications", "Applications", "{C66F6175-331F-4F97-96BA-07684130C3B7}"
EndProject
Project("{FAE04EC0-301F-11D3-BF4B-00C04F79EFBC}") = "TaskTracker.DataAccess", "..\TaskTracker.DataAccess\TaskTracker.DataAccess.csproj", "{1704B3D9-E413-44D4-AC74-12CA0324DE8B}"
EndProject
Project("{FAE04EC0-301F-11D3-BF4B-00C04F79EFBC}") = "TaskTracker.DependencyInjector", "..\TaskTracker.DependencyInjector\TaskTracker.DependencyInjector.csproj", "{47670CA6-CB1D-4388-AFF0-7E1DA75DC0EE}"
EndProject
Project("{FAE04EC0-301F-11D3-BF4B-00C04F79EFBC}") = "Tasktracker.Models", "..\Tasktracker.Models\Tasktracker.Models.csproj", "{E1ECB302-1674-4BAE-963A-863D7A0522D0}"
EndProject
Project("{2150E333-8FDC-42A3-9474-1A3956D46DE8}") = "Infrastructure", "Infrastructure", "{45B28619-BCB5-4139-9915-B45C7CE02CEE}"
EndProject
Project("{FAE04EC0-301F-11D3-BF4B-00C04F79EFBC}") = "TaskTracker.Repositories", "..\TaskTracker.Repositories\TaskTracker.Repositories.csproj", "{BABBD603-653D-4A48-AE46-2392DC621CA7}"
EndProject
Project("{FAE04EC0-301F-11D3-BF4B-00C04F79EFBC}") = "TaskTracker.Services", "..\TaskTracker.Services\TaskTracker.Services.csproj", "{C19C09D8-5B6B-492F-B586-0840BB8BA366}"
EndProject
Project("{2150E333-8FDC-42A3-9474-1A3956D46DE8}") = "Core", "Core", "{D9253403-9739-4CB9-91E8-298AACD92DEB}"
EndProject
Project("{FAE04EC0-301F-11D3-BF4B-00C04F79EFBC}") = "TaskTracker.Domain", "..\TaskTracker.Domain\TaskTracker.Domain.csproj", "{BE4326EE-9B09-4E63-AEBF-FD4651AF071D}"
EndProject
Project("{FAE04EC0-301F-11D3-BF4B-00C04F79EFBC}") = "TaskTracker.Interfaces", "..\TaskTracker.Interfaces\TaskTracker.Interfaces.csproj", "{D7C6E81A-74A5-43A2-8C68-743C14EBADE7}"
EndProject
Project("{FAE04EC0-301F-11D3-BF4B-00C04F79EFBC}") = "TaskTracker.Database.Migrations", "..\TaskTracker.Database.Migrations\TaskTracker.Database.Migrations.csproj", "{BF029156-5BDF-44C5-8E0B-D4A65263B360}"
EndProject
Project("{FAE04EC0-301F-11D3-BF4B-00C04F79EFBC}") = "TaskTracker.UnitTest", "..\TaskTracker.UnitTest\TaskTracker.UnitTest.csproj", "{8A180287-4F14-43D1-B2D6-818E4EC57218}"
EndProject
Global
	GlobalSection(SolutionConfigurationPlatforms) = preSolution
		Debug|Any CPU = Debug|Any CPU
		Release|Any CPU = Release|Any CPU
	EndGlobalSection
	GlobalSection(ProjectConfigurationPlatforms) = postSolution
		{5B58A38E-BF9B-4972-BFC2-469816693CC3}.Debug|Any CPU.ActiveCfg = Debug|Any CPU
		{5B58A38E-BF9B-4972-BFC2-469816693CC3}.Debug|Any CPU.Build.0 = Debug|Any CPU
		{5B58A38E-BF9B-4972-BFC2-469816693CC3}.Release|Any CPU.ActiveCfg = Release|Any CPU
		{5B58A38E-BF9B-4972-BFC2-469816693CC3}.Release|Any CPU.Build.0 = Release|Any CPU
		{1704B3D9-E413-44D4-AC74-12CA0324DE8B}.Debug|Any CPU.ActiveCfg = Debug|Any CPU
		{1704B3D9-E413-44D4-AC74-12CA0324DE8B}.Debug|Any CPU.Build.0 = Debug|Any CPU
		{1704B3D9-E413-44D4-AC74-12CA0324DE8B}.Release|Any CPU.ActiveCfg = Release|Any CPU
		{1704B3D9-E413-44D4-AC74-12CA0324DE8B}.Release|Any CPU.Build.0 = Release|Any CPU
		{47670CA6-CB1D-4388-AFF0-7E1DA75DC0EE}.Debug|Any CPU.ActiveCfg = Debug|Any CPU
		{47670CA6-CB1D-4388-AFF0-7E1DA75DC0EE}.Debug|Any CPU.Build.0 = Debug|Any CPU
		{47670CA6-CB1D-4388-AFF0-7E1DA75DC0EE}.Release|Any CPU.ActiveCfg = Release|Any CPU
		{47670CA6-CB1D-4388-AFF0-7E1DA75DC0EE}.Release|Any CPU.Build.0 = Release|Any CPU
		{E1ECB302-1674-4BAE-963A-863D7A0522D0}.Debug|Any CPU.ActiveCfg = Debug|Any CPU
		{E1ECB302-1674-4BAE-963A-863D7A0522D0}.Debug|Any CPU.Build.0 = Debug|Any CPU
		{E1ECB302-1674-4BAE-963A-863D7A0522D0}.Release|Any CPU.ActiveCfg = Release|Any CPU
		{E1ECB302-1674-4BAE-963A-863D7A0522D0}.Release|Any CPU.Build.0 = Release|Any CPU
		{BABBD603-653D-4A48-AE46-2392DC621CA7}.Debug|Any CPU.ActiveCfg = Debug|Any CPU
		{BABBD603-653D-4A48-AE46-2392DC621CA7}.Debug|Any CPU.Build.0 = Debug|Any CPU
		{BABBD603-653D-4A48-AE46-2392DC621CA7}.Release|Any CPU.ActiveCfg = Release|Any CPU
		{BABBD603-653D-4A48-AE46-2392DC621CA7}.Release|Any CPU.Build.0 = Release|Any CPU
		{C19C09D8-5B6B-492F-B586-0840BB8BA366}.Debug|Any CPU.ActiveCfg = Debug|Any CPU
		{C19C09D8-5B6B-492F-B586-0840BB8BA366}.Debug|Any CPU.Build.0 = Debug|Any CPU
		{C19C09D8-5B6B-492F-B586-0840BB8BA366}.Release|Any CPU.ActiveCfg = Release|Any CPU
		{C19C09D8-5B6B-492F-B586-0840BB8BA366}.Release|Any CPU.Build.0 = Release|Any CPU
		{BE4326EE-9B09-4E63-AEBF-FD4651AF071D}.Debug|Any CPU.ActiveCfg = Debug|Any CPU
		{BE4326EE-9B09-4E63-AEBF-FD4651AF071D}.Debug|Any CPU.Build.0 = Debug|Any CPU
		{BE4326EE-9B09-4E63-AEBF-FD4651AF071D}.Release|Any CPU.ActiveCfg = Release|Any CPU
		{BE4326EE-9B09-4E63-AEBF-FD4651AF071D}.Release|Any CPU.Build.0 = Release|Any CPU
		{D7C6E81A-74A5-43A2-8C68-743C14EBADE7}.Debug|Any CPU.ActiveCfg = Debug|Any CPU
		{D7C6E81A-74A5-43A2-8C68-743C14EBADE7}.Debug|Any CPU.Build.0 = Debug|Any CPU
		{D7C6E81A-74A5-43A2-8C68-743C14EBADE7}.Release|Any CPU.ActiveCfg = Release|Any CPU
		{D7C6E81A-74A5-43A2-8C68-743C14EBADE7}.Release|Any CPU.Build.0 = Release|Any CPU
		{BF029156-5BDF-44C5-8E0B-D4A65263B360}.Debug|Any CPU.ActiveCfg = Debug|Any CPU
		{BF029156-5BDF-44C5-8E0B-D4A65263B360}.Debug|Any CPU.Build.0 = Debug|Any CPU
		{BF029156-5BDF-44C5-8E0B-D4A65263B360}.Release|Any CPU.ActiveCfg = Release|Any CPU
		{BF029156-5BDF-44C5-8E0B-D4A65263B360}.Release|Any CPU.Build.0 = Release|Any CPU
		{8A180287-4F14-43D1-B2D6-818E4EC57218}.Debug|Any CPU.ActiveCfg = Debug|Any CPU
		{8A180287-4F14-43D1-B2D6-818E4EC57218}.Debug|Any CPU.Build.0 = Debug|Any CPU
		{8A180287-4F14-43D1-B2D6-818E4EC57218}.Release|Any CPU.ActiveCfg = Release|Any CPU
		{8A180287-4F14-43D1-B2D6-818E4EC57218}.Release|Any CPU.Build.0 = Release|Any CPU
	EndGlobalSection
	GlobalSection(SolutionProperties) = preSolution
		HideSolutionNode = FALSE
	EndGlobalSection
	GlobalSection(NestedProjects) = preSolution
		{BB615109-FE02-4C51-8C3B-33D0DD06D65C} = {8553D9B8-2607-4643-B7D7-8233318B906E}
		{5B58A38E-BF9B-4972-BFC2-469816693CC3} = {BB615109-FE02-4C51-8C3B-33D0DD06D65C}
		{C66F6175-331F-4F97-96BA-07684130C3B7} = {8553D9B8-2607-4643-B7D7-8233318B906E}
		{1704B3D9-E413-44D4-AC74-12CA0324DE8B} = {C66F6175-331F-4F97-96BA-07684130C3B7}
		{47670CA6-CB1D-4388-AFF0-7E1DA75DC0EE} = {C66F6175-331F-4F97-96BA-07684130C3B7}
		{E1ECB302-1674-4BAE-963A-863D7A0522D0} = {C66F6175-331F-4F97-96BA-07684130C3B7}
		{45B28619-BCB5-4139-9915-B45C7CE02CEE} = {8553D9B8-2607-4643-B7D7-8233318B906E}
		{BABBD603-653D-4A48-AE46-2392DC621CA7} = {45B28619-BCB5-4139-9915-B45C7CE02CEE}
		{C19C09D8-5B6B-492F-B586-0840BB8BA366} = {C66F6175-331F-4F97-96BA-07684130C3B7}
		{D9253403-9739-4CB9-91E8-298AACD92DEB} = {8553D9B8-2607-4643-B7D7-8233318B906E}
		{BE4326EE-9B09-4E63-AEBF-FD4651AF071D} = {D9253403-9739-4CB9-91E8-298AACD92DEB}
		{D7C6E81A-74A5-43A2-8C68-743C14EBADE7} = {D9253403-9739-4CB9-91E8-298AACD92DEB}
		{BF029156-5BDF-44C5-8E0B-D4A65263B360} = {45B28619-BCB5-4139-9915-B45C7CE02CEE}
		{8A180287-4F14-43D1-B2D6-818E4EC57218} = {BDAE3740-C92E-461A-B3DB-BCEE0D61106C}
	EndGlobalSection
	GlobalSection(ExtensibilityGlobals) = postSolution
		SolutionGuid = {5D03C444-578B-47AE-8829-2FD60D6216E3}
	EndGlobalSection
EndGlobal
